
Microsoft Visual Studio Solution File, Format Version 12.00
# Visual Studio Version 17
VisualStudioVersion = 17.8.34525.116
MinimumVisualStudioVersion = 10.0.40219.1
Project("{8BC9CEB8-8B4A-11D0-8D11-00A0C91BC942}") = "projektsuper", "projektsuper\projektsuper.vcxproj", "{7DB6E53A-ACE5-4F90-B479-C2025EE325DE}"
EndProject
Global
	GlobalSection(SolutionConfigurationPlatforms) = preSolution
		Debug|x64 = Debug|x64
		Debug|x86 = Debug|x86
		Release|x64 = Release|x64
		Release|x86 = Release|x86
	EndGlobalSection
	GlobalSection(ProjectConfigurationPlatforms) = postSolution
		{7DB6E53A-ACE5-4F90-B479-C2025EE325DE}.Debug|x64.ActiveCfg = Release|x64
		{7DB6E53A-ACE5-4F90-B479-C2025EE325DE}.Debug|x64.Build.0 = Release|x64
		{7DB6E53A-ACE5-4F90-B479-C2025EE325DE}.Debug|x86.ActiveCfg = Debug|Win32
		{7DB6E53A-ACE5-4F90-B479-C2025EE325DE}.Debug|x86.Build.0 = Debug|Win32
		{7DB6E53A-ACE5-4F90-B479-C2025EE325DE}.Release|x64.ActiveCfg = Release|x64
		{7DB6E53A-ACE5-4F90-B479-C2025EE325DE}.Release|x64.Build.0 = Release|x64
		{7DB6E53A-ACE5-4F90-B479-C2025EE325DE}.Release|x86.ActiveCfg = Release|Win32
		{7DB6E53A-ACE5-4F90-B479-C2025EE325DE}.Release|x86.Build.0 = Release|Win32
	EndGlobalSection
	GlobalSection(SolutionProperties) = preSolution
		HideSolutionNode = FALSE
	EndGlobalSection
	GlobalSection(ExtensibilityGlobals) = postSolution
		SolutionGuid = {14B4CF56-7D3F-48E8-9DFF-2A02D5821F45}
	EndGlobalSection
EndGlobal
